
Microsoft Visual Studio Solution File, Format Version 12.00
# Visual Studio Version 17
VisualStudioVersion = 17.13.35825.156 d17.13
MinimumVisualStudioVersion = 10.0.40219.1
Project("{FAE04EC0-301F-11D3-BF4B-00C04F79EFBC}") = "TWC.IMS.Web", "TWC.IMS.Web\TWC.IMS.Web.csproj", "{870A65F4-6D0D-4D44-8169-2CC732549822}"
EndProject
Project("{FAE04EC0-301F-11D3-BF4B-00C04F79EFBC}") = "TWC.IMS.Models", "TWC.IMS.Models\TWC.IMS.Models.csproj", "{652523B7-3898-417F-B3AF-6E8146803647}"
EndProject
Project("{FAE04EC0-301F-11D3-BF4B-00C04F79EFBC}") = "TWC.IMS.DL", "TWC.IMS.DL\TWC.IMS.DL.csproj", "{17CC4CD6-C2D7-4EAE-961F-42FF6AA3B518}"
EndProject
Project("{FAE04EC0-301F-11D3-BF4B-00C04F79EFBC}") = "TWC.IMS.BL", "TWC.IMS.BL\TWC.IMS.BL.csproj", "{86627A4C-5F1E-431E-AAD1-F66F0FA6A8F4}"
EndProject
Project("{FAE04EC0-301F-11D3-BF4B-00C04F79EFBC}") = "ReportBuilder", "ReportBuilder\ReportBuilder.csproj", "{7B88319C-B494-42C0-8032-23295D138492}"
EndProject
Project("{FAE04EC0-301F-11D3-BF4B-00C04F79EFBC}") = "TWC.IMS.Common", "TWC.IMS.Common\TWC.IMS.Common.csproj", "{D848924C-91B8-45A4-A2D3-D93BA3683D0C}"
EndProject
Project("{FAE04EC0-301F-11D3-BF4B-00C04F79EFBC}") = "TWC.IMS.Common.SftpHelper", "TWC.IMS.Common.SftpHelper\TWC.IMS.Common.SftpHelper.csproj", "{87C90121-982C-460B-8A98-48E47B7ED32E}"
EndProject
Project("{FAE04EC0-301F-11D3-BF4B-00C04F79EFBC}") = "TWC.IMS.Portal", "TWC.IMS.Portal\TWC.IMS.Portal.csproj", "{B41BB5A4-B80F-4DEC-B232-C83BF7DB7FDB}"
EndProject
Global
	GlobalSection(SolutionConfigurationPlatforms) = preSolution
		Debug|Any CPU = Debug|Any CPU
		Debug|x64 = Debug|x64
		Release|Any CPU = Release|Any CPU
		Release|x64 = Release|x64
	EndGlobalSection
	GlobalSection(ProjectConfigurationPlatforms) = postSolution
		{870A65F4-6D0D-4D44-8169-2CC732549822}.Debug|Any CPU.ActiveCfg = Debug|Any CPU
		{870A65F4-6D0D-4D44-8169-2CC732549822}.Debug|Any CPU.Build.0 = Debug|Any CPU
		{870A65F4-6D0D-4D44-8169-2CC732549822}.Debug|x64.ActiveCfg = Debug|Any CPU
		{870A65F4-6D0D-4D44-8169-2CC732549822}.Debug|x64.Build.0 = Debug|Any CPU
		{870A65F4-6D0D-4D44-8169-2CC732549822}.Release|Any CPU.ActiveCfg = Release|Any CPU
		{870A65F4-6D0D-4D44-8169-2CC732549822}.Release|Any CPU.Build.0 = Release|Any CPU
		{870A65F4-6D0D-4D44-8169-2CC732549822}.Release|x64.ActiveCfg = Release|Any CPU
		{870A65F4-6D0D-4D44-8169-2CC732549822}.Release|x64.Build.0 = Release|Any CPU
		{652523B7-3898-417F-B3AF-6E8146803647}.Debug|Any CPU.ActiveCfg = Debug|Any CPU
		{652523B7-3898-417F-B3AF-6E8146803647}.Debug|Any CPU.Build.0 = Debug|Any CPU
		{652523B7-3898-417F-B3AF-6E8146803647}.Debug|x64.ActiveCfg = Debug|Any CPU
		{652523B7-3898-417F-B3AF-6E8146803647}.Debug|x64.Build.0 = Debug|Any CPU
		{652523B7-3898-417F-B3AF-6E8146803647}.Release|Any CPU.ActiveCfg = Release|Any CPU
		{652523B7-3898-417F-B3AF-6E8146803647}.Release|Any CPU.Build.0 = Release|Any CPU
		{652523B7-3898-417F-B3AF-6E8146803647}.Release|x64.ActiveCfg = Release|Any CPU
		{652523B7-3898-417F-B3AF-6E8146803647}.Release|x64.Build.0 = Release|Any CPU
		{17CC4CD6-C2D7-4EAE-961F-42FF6AA3B518}.Debug|Any CPU.ActiveCfg = Debug|Any CPU
		{17CC4CD6-C2D7-4EAE-961F-42FF6AA3B518}.Debug|Any CPU.Build.0 = Debug|Any CPU
		{17CC4CD6-C2D7-4EAE-961F-42FF6AA3B518}.Debug|x64.ActiveCfg = Debug|Any CPU
		{17CC4CD6-C2D7-4EAE-961F-42FF6AA3B518}.Debug|x64.Build.0 = Debug|Any CPU
		{17CC4CD6-C2D7-4EAE-961F-42FF6AA3B518}.Release|Any CPU.ActiveCfg = Release|Any CPU
		{17CC4CD6-C2D7-4EAE-961F-42FF6AA3B518}.Release|Any CPU.Build.0 = Release|Any CPU
		{17CC4CD6-C2D7-4EAE-961F-42FF6AA3B518}.Release|x64.ActiveCfg = Release|Any CPU
		{17CC4CD6-C2D7-4EAE-961F-42FF6AA3B518}.Release|x64.Build.0 = Release|Any CPU
		{86627A4C-5F1E-431E-AAD1-F66F0FA6A8F4}.Debug|Any CPU.ActiveCfg = Debug|Any CPU
		{86627A4C-5F1E-431E-AAD1-F66F0FA6A8F4}.Debug|Any CPU.Build.0 = Debug|Any CPU
		{86627A4C-5F1E-431E-AAD1-F66F0FA6A8F4}.Debug|x64.ActiveCfg = Debug|Any CPU
		{86627A4C-5F1E-431E-AAD1-F66F0FA6A8F4}.Debug|x64.Build.0 = Debug|Any CPU
		{86627A4C-5F1E-431E-AAD1-F66F0FA6A8F4}.Release|Any CPU.ActiveCfg = Release|Any CPU
		{86627A4C-5F1E-431E-AAD1-F66F0FA6A8F4}.Release|Any CPU.Build.0 = Release|Any CPU
		{86627A4C-5F1E-431E-AAD1-F66F0FA6A8F4}.Release|x64.ActiveCfg = Release|Any CPU
		{86627A4C-5F1E-431E-AAD1-F66F0FA6A8F4}.Release|x64.Build.0 = Release|Any CPU
		{7B88319C-B494-42C0-8032-23295D138492}.Debug|Any CPU.ActiveCfg = Debug|Any CPU
		{7B88319C-B494-42C0-8032-23295D138492}.Debug|Any CPU.Build.0 = Debug|Any CPU
		{7B88319C-B494-42C0-8032-23295D138492}.Debug|x64.ActiveCfg = Debug|Any CPU
		{7B88319C-B494-42C0-8032-23295D138492}.Debug|x64.Build.0 = Debug|Any CPU
		{7B88319C-B494-42C0-8032-23295D138492}.Release|Any CPU.ActiveCfg = Release|Any CPU
		{7B88319C-B494-42C0-8032-23295D138492}.Release|Any CPU.Build.0 = Release|Any CPU
		{7B88319C-B494-42C0-8032-23295D138492}.Release|x64.ActiveCfg = Release|Any CPU
		{7B88319C-B494-42C0-8032-23295D138492}.Release|x64.Build.0 = Release|Any CPU
		{D848924C-91B8-45A4-A2D3-D93BA3683D0C}.Debug|Any CPU.ActiveCfg = Debug|Any CPU
		{D848924C-91B8-45A4-A2D3-D93BA3683D0C}.Debug|Any CPU.Build.0 = Debug|Any CPU
		{D848924C-91B8-45A4-A2D3-D93BA3683D0C}.Debug|x64.ActiveCfg = Debug|x64
		{D848924C-91B8-45A4-A2D3-D93BA3683D0C}.Debug|x64.Build.0 = Debug|x64
		{D848924C-91B8-45A4-A2D3-D93BA3683D0C}.Release|Any CPU.ActiveCfg = Release|Any CPU
		{D848924C-91B8-45A4-A2D3-D93BA3683D0C}.Release|Any CPU.Build.0 = Release|Any CPU
		{D848924C-91B8-45A4-A2D3-D93BA3683D0C}.Release|x64.ActiveCfg = Release|x64
		{D848924C-91B8-45A4-A2D3-D93BA3683D0C}.Release|x64.Build.0 = Release|x64
		{87C90121-982C-460B-8A98-48E47B7ED32E}.Debug|Any CPU.ActiveCfg = Debug|Any CPU
		{87C90121-982C-460B-8A98-48E47B7ED32E}.Debug|Any CPU.Build.0 = Debug|Any CPU
		{87C90121-982C-460B-8A98-48E47B7ED32E}.Debug|x64.ActiveCfg = Debug|Any CPU
		{87C90121-982C-460B-8A98-48E47B7ED32E}.Debug|x64.Build.0 = Debug|Any CPU
		{87C90121-982C-460B-8A98-48E47B7ED32E}.Release|Any CPU.ActiveCfg = Release|Any CPU
		{87C90121-982C-460B-8A98-48E47B7ED32E}.Release|Any CPU.Build.0 = Release|Any CPU
		{87C90121-982C-460B-8A98-48E47B7ED32E}.Release|x64.ActiveCfg = Release|Any CPU
		{87C90121-982C-460B-8A98-48E47B7ED32E}.Release|x64.Build.0 = Release|Any CPU
		{B41BB5A4-B80F-4DEC-B232-C83BF7DB7FDB}.Debug|Any CPU.ActiveCfg = Debug|Any CPU
		{B41BB5A4-B80F-4DEC-B232-C83BF7DB7FDB}.Debug|Any CPU.Build.0 = Debug|Any CPU
		{B41BB5A4-B80F-4DEC-B232-C83BF7DB7FDB}.Debug|x64.ActiveCfg = Debug|Any CPU
		{B41BB5A4-B80F-4DEC-B232-C83BF7DB7FDB}.Debug|x64.Build.0 = Debug|Any CPU
		{B41BB5A4-B80F-4DEC-B232-C83BF7DB7FDB}.Release|Any CPU.ActiveCfg = Release|Any CPU
		{B41BB5A4-B80F-4DEC-B232-C83BF7DB7FDB}.Release|Any CPU.Build.0 = Release|Any CPU
		{B41BB5A4-B80F-4DEC-B232-C83BF7DB7FDB}.Release|x64.ActiveCfg = Release|Any CPU
		{B41BB5A4-B80F-4DEC-B232-C83BF7DB7FDB}.Release|x64.Build.0 = Release|Any CPU
	EndGlobalSection
	GlobalSection(SolutionProperties) = preSolution
		HideSolutionNode = FALSE
	EndGlobalSection
	GlobalSection(ExtensibilityGlobals) = postSolution
		SolutionGuid = {84EE43A8-2EA0-42CD-B740-A18D53B386AF}
	EndGlobalSection
EndGlobal
